# This file is automatically @generated by Cargo.
# It is not intended for manual editing.
version = 4

[[package]]
name = "block-buffer"
version = "0.12.1"
source = "registry+https://github.com/rust-lang/crates.io-index"
checksum = "d2f6c7dbe95a6ed67ad9f18e57daf93a2f034c524b99fd2b76d18fdfeb6660aa"
dependencies = [
 "hybrid-array",
]

[[package]]
name = "cfg-if"
version = "1.0.4"
source = "registry+https://github.com/rust-lang/crates.io-index"
checksum = "9330f8b2ff13f34540b44e946ef35111825727b38d33286ef986142615121801"

[[package]]
name = "cpufeatures"
version = "0.3.0"
source = "registry+https://github.com/rust-lang/crates.io-index"
checksum = "8b2a41393f66f16b0823bb79094d54ac5fbd34ab292ddafb9a0456ac9f87d201"
dependencies = [
 "libc",
]

[[package]]
name = "crypto-common"
version = "0.2.2"
source = "registry+https://github.com/rust-lang/crates.io-index"
checksum = "ce6e4c961d6cd6c9a86db418387425e8bdeaf05b3c8bc1411e6dca4c252f1453"
dependencies = [
 "hybrid-array",
]

[[package]]
name = "digest"
version = "0.11.3"
source = "registry+https://github.com/rust-lang/crates.io-index"
checksum = "f1dd6dbb5841937940781866fa1281a1ff7bd3bf827091440879f9994983d5c2"
dependencies = [
 "block-buffer",
 "crypto-common",
]

[[package]]
name = "hybrid-array"
version = "0.4.13"
source = "registry+https://github.com/rust-lang/crates.io-index"
checksum = "818356c5132c1fede50f837ca96afbe78ff42413047f4abb886217845e1b6c8c"
dependencies = [
 "typenum",
]

[[package]]
name = "libc"
version = "0.2.189"
source = "registry+https://github.com/rust-lang/crates.io-index"
checksum = "3eaf3ede3fee6db1a4c2ee091bf8a8b4dccdc6d17f656fb07896ee72867612f2"

[[package]]
name = "sha2"
version = "0.11.0"
source = "registry+https://github.com/rust-lang/crates.io-index"
checksum = "446ba717509524cb3f22f17ecc096f10f4822d76ab5c0b9822c5f9c284e825f4"
dependencies = [
 "cfg-if",
 "cpufeatures",
 "digest",
]

[[package]]
name = "subtle"
version = "2.6.1"
source = "registry+https://github.com/rust-lang/crates.io-index"
checksum = "13c2bddecc57b384dee18652358fb23172facb8a2c51ccc10d74c157bdea3292"

[[package]]
name = "typenum"
version = "1.20.1"
source = "registry+https://github.com/rust-lang/crates.io-index"
checksum = "b6f5e870be6c3b371b77fe0ee0bafb859fa4964b4404c27de1d380043c4dda20"

[[package]]
name = "zeno-fcis"
version = "1.0.0-rc.1"
dependencies = [
 "zeno-fcis-authority",
 "zeno-fcis-backend",
 "zeno-fcis-bootstrap",
 "zeno-fcis-catalog",
 "zeno-fcis-codec",
 "zeno-fcis-codegen",
 "zeno-fcis-collections",
 "zeno-fcis-compose",
 "zeno-fcis-composed-program",
 "zeno-fcis-core",
 "zeno-fcis-crypto",
 "zeno-fcis-domain",
 "zeno-fcis-laws",
 "zeno-fcis-patch",
 "zeno-fcis-plan",
 "zeno-fcis-profile-zenodex",
 "zeno-fcis-project",
 "zeno-fcis-receipt",
 "zeno-fcis-refine",
 "zeno-fcis-schema",
 "zeno-fcis-secret",
 "zeno-fcis-security",
 "zeno-fcis-shell",
 "zeno-fcis-synthesis",
 "zeno-fcis-transition",
 "zeno-fcis-value",
]

[[package]]
name = "zeno-fcis-authority"
version = "1.0.0-rc.1"
dependencies = [
 "zeno-fcis-catalog",
 "zeno-fcis-codec",
 "zeno-fcis-core",
 "zeno-fcis-crypto",
 "zeno-fcis-laws",
 "zeno-fcis-patch",
 "zeno-fcis-project",
 "zeno-fcis-receipt",
 "zeno-fcis-schema",
 "zeno-fcis-shell",
 "zeno-fcis-transition",
]

[[package]]
name = "zeno-fcis-backend"
version = "1.0.0-rc.1"
dependencies = [
 "zeno-fcis-codec",
 "zeno-fcis-crypto",
 "zeno-fcis-project",
 "zeno-fcis-synthesis",
 "zeno-fcis-value",
]

[[package]]
name = "zeno-fcis-bootstrap"
version = "1.0.0-rc.1"
dependencies = [
 "zeno-fcis-catalog",
 "zeno-fcis-codec",
 "zeno-fcis-codegen",
 "zeno-fcis-project",
 "zeno-fcis-schema",
]

[[package]]
name = "zeno-fcis-catalog"
version = "1.0.0-rc.1"
dependencies = [
 "zeno-fcis-codec",
 "zeno-fcis-core",
 "zeno-fcis-plan",
 "zeno-fcis-project",
 "zeno-fcis-schema",
 "zeno-fcis-value",
]

[[package]]
name = "zeno-fcis-codec"
version = "1.0.0-rc.1"
dependencies = [
 "zeno-fcis-value",
]

[[package]]
name = "zeno-fcis-codegen"
version = "1.0.0-rc.1"
dependencies = [
 "zeno-fcis-codec",
 "zeno-fcis-crypto",
 "zeno-fcis-schema",
 "zeno-fcis-value",
]

[[package]]
name = "zeno-fcis-collections"
version = "1.0.0-rc.1"
dependencies = [
 "zeno-fcis-codec",
 "zeno-fcis-value",
]

[[package]]
name = "zeno-fcis-compose"
version = "1.0.0-rc.1"
dependencies = [
 "zeno-fcis-codec",
]

[[package]]
name = "zeno-fcis-composed-program"
version = "1.0.0-rc.1"
dependencies = [
 "zeno-fcis-authority",
 "zeno-fcis-catalog",
 "zeno-fcis-codec",
 "zeno-fcis-compose",
 "zeno-fcis-core",
 "zeno-fcis-crypto",
 "zeno-fcis-domain",
 "zeno-fcis-patch",
 "zeno-fcis-plan",
 "zeno-fcis-project",
 "zeno-fcis-schema",
 "zeno-fcis-transition",
 "zeno-fcis-value",
]

[[package]]
name = "zeno-fcis-core"
version = "1.0.0-rc.1"

[[package]]
name = "zeno-fcis-crypto"
version = "1.0.0-rc.1"
dependencies = [
 "sha2",
 "zeno-fcis-codec",
]

[[package]]
name = "zeno-fcis-domain"
version = "1.0.0-rc.1"
dependencies = [
 "zeno-fcis-codec",
 "zeno-fcis-compose",
 "zeno-fcis-core",
 "zeno-fcis-project",
 "zeno-fcis-schema",
]

[[package]]
name = "zeno-fcis-evidence"
version = "1.0.0-rc.1"
dependencies = [
 "zeno-fcis-codec",
 "zeno-fcis-refine",
]

[[package]]
name = "zeno-fcis-external-consumer"
version = "0.0.0"
dependencies = [
 "zeno-fcis",
]

[[package]]
name = "zeno-fcis-laws"
version = "1.0.0-rc.1"
dependencies = [
 "zeno-fcis-catalog",
 "zeno-fcis-codec",
 "zeno-fcis-core",
 "zeno-fcis-evidence",
 "zeno-fcis-patch",
 "zeno-fcis-plan",
 "zeno-fcis-project",
 "zeno-fcis-value",
]

[[package]]
name = "zeno-fcis-patch"
version = "1.0.0-rc.1"
dependencies = [
 "zeno-fcis-codec",
 "zeno-fcis-value",
]

[[package]]
name = "zeno-fcis-plan"
version = "1.0.0-rc.1"
dependencies = [
 "zeno-fcis-codec",
 "zeno-fcis-value",
]

[[package]]
name = "zeno-fcis-profile-zenodex"
version = "1.0.0-rc.1"
dependencies = [
 "zeno-fcis-codec",
 "zeno-fcis-core",
 "zeno-fcis-refine",
 "zeno-fcis-value",
]

[[package]]
name = "zeno-fcis-project"
version = "1.0.0-rc.1"
dependencies = [
 "zeno-fcis-codec",
]

[[package]]
name = "zeno-fcis-receipt"
version = "1.0.0-rc.1"
dependencies = [
 "zeno-fcis-codec",
 "zeno-fcis-core",
 "zeno-fcis-patch",
 "zeno-fcis-plan",
 "zeno-fcis-value",
]

[[package]]
name = "zeno-fcis-refine"
version = "1.0.0-rc.1"
dependencies = [
 "zeno-fcis-codec",
 "zeno-fcis-core",
 "zeno-fcis-crypto",
 "zeno-fcis-patch",
 "zeno-fcis-receipt",
 "zeno-fcis-value",
]

[[package]]
name = "zeno-fcis-schema"
version = "1.0.0-rc.1"
dependencies = [
 "zeno-fcis-codec",
 "zeno-fcis-value",
]

[[package]]
name = "zeno-fcis-secret"
version = "1.0.0-rc.1"
dependencies = [
 "subtle",
 "zeno-fcis-codec",
 "zeroize",
]

[[package]]
name = "zeno-fcis-security"
version = "1.0.0-rc.1"
dependencies = [
 "zeno-fcis-codec",
]

[[package]]
name = "zeno-fcis-shell"
version = "1.0.0-rc.1"
dependencies = [
 "zeno-fcis-codec",
 "zeno-fcis-patch",
 "zeno-fcis-plan",
 "zeno-fcis-receipt",
 "zeno-fcis-value",
]

[[package]]
name = "zeno-fcis-synthesis"
version = "1.0.0-rc.1"
dependencies = [
 "zeno-fcis-codec",
 "zeno-fcis-crypto",
 "zeno-fcis-value",
]

[[package]]
name = "zeno-fcis-transition"
version = "1.0.0-rc.1"
dependencies = [
 "zeno-fcis-catalog",
 "zeno-fcis-codec",
 "zeno-fcis-compose",
 "zeno-fcis-core",
 "zeno-fcis-patch",
 "zeno-fcis-plan",
 "zeno-fcis-project",
 "zeno-fcis-receipt",
 "zeno-fcis-schema",
 "zeno-fcis-value",
]

[[package]]
name = "zeno-fcis-value"
version = "1.0.0-rc.1"

[[package]]
name = "zeroize"
version = "1.9.0"
source = "registry+https://github.com/rust-lang/crates.io-index"
checksum = "e13c156562582aa81c60cb29407084cdb54c4164760106ab78e6c5b0858cf64e"
